github.com/zeebo/assert v1.3.0/go.mod h1:Pq9JiuJQpG8JLJdtkwrJESF0Foym2/D9XMU5ciN/wJ0=
github.com/zeebo/assert v1.3.1 h1:vukIABvugfNMZMQO1ABsyQDJDTVQbn+LWSMy1ol1h6A=
github.com/zeebo/assert v1.3.1/go.mod h1:Pq9JiuJQpG8JLJdtkwrJESF0Foym2/D9XMU5ciN/wJ0=
github.com/zeebo/errs/v2 v2.0.5 h1:edtyFoQq9OBBsNPcu0b0wHtRvA8haukAHrGyOfWQGNI=
github.com/zeebo/errs/v2 v2.0.5/go.mod h1:OKmvVZt4UqpyJrYFykDKm168ZquJ55pbbIVUICNmLN0=
github.com/zeebo/mwc v0.0.7 h1:0NerGhCww6ZQx+/xCx5iwznftveokvto1KILpYfENZk=
github.com/zeebo/mwc v0.0.7/go.mod h1:0B32or6moOig1YGuqMoimBpU9QK9uYaGG2bBOuddqtE=
